
Microsoft Visual Studio Solution File, Format Version 12.00
# Visual Studio 14
VisualStudioVersion = 14.0.25420.1
MinimumVisualStudioVersion = 10.0.40219.1
Project("{FAE04EC0-301F-11D3-BF4B-00C04F79EFBC}") = "GAM.Actor", "..\GAM.Actor\GAM.Actor.csproj", "{AD37B1D3-A23E-4E2B-86FC-394E03A54726}"
EndProject
Project("{FAE04EC0-301F-11D3-BF4B-00C04F79EFBC}") = "GAM.Remoting", "GAM.Remoting\GAM.Remoting.csproj", "{C5B136C4-6EBD-4694-9664-0072DE878296}"
EndProject
Project("{FAE04EC0-301F-11D3-BF4B-00C04F79EFBC}") = "Labb", "Labb\Labb.csproj", "{ABADF472-0EDE-4EC0-8AC1-B8612EFF76FE}"
EndProject
Global
	GlobalSection(SolutionConfigurationPlatforms) = preSolution
		Debug|Any CPU = Debug|Any CPU
		Release|Any CPU = Release|Any CPU
	EndGlobalSection
	GlobalSection(ProjectConfigurationPlatforms) = postSolution
		{AD37B1D3-A23E-4E2B-86FC-394E03A54726}.Debug|Any CPU.ActiveCfg = Debug|Any CPU
		{AD37B1D3-A23E-4E2B-86FC-394E03A54726}.Debug|Any CPU.Build.0 = Debug|Any CPU
		{AD37B1D3-A23E-4E2B-86FC-394E03A54726}.Release|Any CPU.ActiveCfg = Release|Any CPU
		{AD37B1D3-A23E-4E2B-86FC-394E03A54726}.Release|Any CPU.Build.0 = Release|Any CPU
		{C5B136C4-6EBD-4694-9664-0072DE878296}.Debug|Any CPU.ActiveCfg = Debug|Any CPU
		{C5B136C4-6EBD-4694-9664-0072DE878296}.Debug|Any CPU.Build.0 = Debug|Any CPU
		{C5B136C4-6EBD-4694-9664-0072DE878296}.Release|Any CPU.ActiveCfg = Release|Any CPU
		{C5B136C4-6EBD-4694-9664-0072DE878296}.Release|Any CPU.Build.0 = Release|Any CPU
		{ABADF472-0EDE-4EC0-8AC1-B8612EFF76FE}.Debug|Any CPU.ActiveCfg = Debug|Any CPU
		{ABADF472-0EDE-4EC0-8AC1-B8612EFF76FE}.Debug|Any CPU.Build.0 = Debug|Any CPU
		{ABADF472-0EDE-4EC0-8AC1-B8612EFF76FE}.Release|Any CPU.ActiveCfg = Release|Any CPU
		{ABADF472-0EDE-4EC0-8AC1-B8612EFF76FE}.Release|Any CPU.Build.0 = Release|Any CPU
	EndGlobalSection
	GlobalSection(SolutionProperties) = preSolution
		HideSolutionNode = FALSE
	EndGlobalSection
EndGlobal
