
Microsoft Visual Studio Solution File, Format Version 12.00
# Visual Studio 15
VisualStudioVersion = 15.0.26014.0
MinimumVisualStudioVersion = 10.0.40219.1
Project("{FAE04EC0-301F-11D3-BF4B-00C04F79EFBC}") = "GAM.Remoting", "src\GAM.Remoting\GAM.Remoting.csproj", "{C5B136C4-6EBD-4694-9664-0072DE878296}"
EndProject
Project("{2150E333-8FDC-42A3-9474-1A3956D46DE8}") = "src", "src", "{771514F1-12AE-4A26-89CB-2646D3EF7034}"
EndProject
Project("{2150E333-8FDC-42A3-9474-1A3956D46DE8}") = "examples", "examples", "{59DCCC96-DDAF-469F-9E8E-9BC733285082}"
EndProject
Project("{FAE04EC0-301F-11D3-BF4B-00C04F79EFBC}") = "GAM", "src\GAM\GAM.csproj", "{C036F196-0AA6-4C3D-B340-93A922461B54}"
EndProject
Project("{2150E333-8FDC-42A3-9474-1A3956D46DE8}") = "RemoteBenchmark", "RemoteBenchmark", "{92EB7B8A-7DCC-426A-9386-F58C167D82C3}"
EndProject
Project("{9A19103F-16F7-4668-BE54-9A1E7A4F7556}") = "Messages", "examples\RemoteBenchmark\Messages\Messages.csproj", "{55904739-71E8-478F-8BBD-9A32CAE9E01B}"
EndProject
Project("{9A19103F-16F7-4668-BE54-9A1E7A4F7556}") = "Node2", "examples\RemoteBenchmark\Node2\Node2.csproj", "{DFEEF3A8-F9EB-43AE-AA73-A5FBF7402DAB}"
EndProject
Project("{9A19103F-16F7-4668-BE54-9A1E7A4F7556}") = "SpawnBenchmark", "examples\SpawnBenchmark\SpawnBenchmark.csproj", "{76BA8256-C071-4353-B5A3-FA0E4BC444EF}"
EndProject
Project("{2150E333-8FDC-42A3-9474-1A3956D46DE8}") = "SpawnBenchmark", "SpawnBenchmark", "{9EA30F02-E35A-4EB2-80D9-1C64ED4613C4}"
EndProject
Global
	GlobalSection(SolutionConfigurationPlatforms) = preSolution
		Debug|Any CPU = Debug|Any CPU
		Debug|x64 = Debug|x64
		Debug|x86 = Debug|x86
		Release|Any CPU = Release|Any CPU
		Release|x64 = Release|x64
		Release|x86 = Release|x86
	EndGlobalSection
	GlobalSection(ProjectConfigurationPlatforms) = postSolution
		{C5B136C4-6EBD-4694-9664-0072DE878296}.Debug|Any CPU.ActiveCfg = Debug|Any CPU
		{C5B136C4-6EBD-4694-9664-0072DE878296}.Debug|Any CPU.Build.0 = Debug|Any CPU
		{C5B136C4-6EBD-4694-9664-0072DE878296}.Debug|x64.ActiveCfg = Debug|x64
		{C5B136C4-6EBD-4694-9664-0072DE878296}.Debug|x64.Build.0 = Debug|x64
		{C5B136C4-6EBD-4694-9664-0072DE878296}.Debug|x86.ActiveCfg = Debug|x86
		{C5B136C4-6EBD-4694-9664-0072DE878296}.Debug|x86.Build.0 = Debug|x86
		{C5B136C4-6EBD-4694-9664-0072DE878296}.Release|Any CPU.ActiveCfg = Release|Any CPU
		{C5B136C4-6EBD-4694-9664-0072DE878296}.Release|Any CPU.Build.0 = Release|Any CPU
		{C5B136C4-6EBD-4694-9664-0072DE878296}.Release|x64.ActiveCfg = Release|x64
		{C5B136C4-6EBD-4694-9664-0072DE878296}.Release|x64.Build.0 = Release|x64
		{C5B136C4-6EBD-4694-9664-0072DE878296}.Release|x86.ActiveCfg = Release|x86
		{C5B136C4-6EBD-4694-9664-0072DE878296}.Release|x86.Build.0 = Release|x86
		{C036F196-0AA6-4C3D-B340-93A922461B54}.Debug|Any CPU.ActiveCfg = Debug|Any CPU
		{C036F196-0AA6-4C3D-B340-93A922461B54}.Debug|Any CPU.Build.0 = Debug|Any CPU
		{C036F196-0AA6-4C3D-B340-93A922461B54}.Debug|x64.ActiveCfg = Debug|x64
		{C036F196-0AA6-4C3D-B340-93A922461B54}.Debug|x64.Build.0 = Debug|x64
		{C036F196-0AA6-4C3D-B340-93A922461B54}.Debug|x86.ActiveCfg = Debug|x86
		{C036F196-0AA6-4C3D-B340-93A922461B54}.Debug|x86.Build.0 = Debug|x86
		{C036F196-0AA6-4C3D-B340-93A922461B54}.Release|Any CPU.ActiveCfg = Release|Any CPU
		{C036F196-0AA6-4C3D-B340-93A922461B54}.Release|Any CPU.Build.0 = Release|Any CPU
		{C036F196-0AA6-4C3D-B340-93A922461B54}.Release|x64.ActiveCfg = Release|x64
		{C036F196-0AA6-4C3D-B340-93A922461B54}.Release|x64.Build.0 = Release|x64
		{C036F196-0AA6-4C3D-B340-93A922461B54}.Release|x86.ActiveCfg = Release|x86
		{C036F196-0AA6-4C3D-B340-93A922461B54}.Release|x86.Build.0 = Release|x86
		{55904739-71E8-478F-8BBD-9A32CAE9E01B}.Debug|Any CPU.ActiveCfg = Debug|Any CPU
		{55904739-71E8-478F-8BBD-9A32CAE9E01B}.Debug|Any CPU.Build.0 = Debug|Any CPU
		{55904739-71E8-478F-8BBD-9A32CAE9E01B}.Debug|x64.ActiveCfg = Debug|x64
		{55904739-71E8-478F-8BBD-9A32CAE9E01B}.Debug|x64.Build.0 = Debug|x64
		{55904739-71E8-478F-8BBD-9A32CAE9E01B}.Debug|x86.ActiveCfg = Debug|x86
		{55904739-71E8-478F-8BBD-9A32CAE9E01B}.Debug|x86.Build.0 = Debug|x86
		{55904739-71E8-478F-8BBD-9A32CAE9E01B}.Release|Any CPU.ActiveCfg = Release|Any CPU
		{55904739-71E8-478F-8BBD-9A32CAE9E01B}.Release|Any CPU.Build.0 = Release|Any CPU
		{55904739-71E8-478F-8BBD-9A32CAE9E01B}.Release|x64.ActiveCfg = Release|x64
		{55904739-71E8-478F-8BBD-9A32CAE9E01B}.Release|x64.Build.0 = Release|x64
		{55904739-71E8-478F-8BBD-9A32CAE9E01B}.Release|x86.ActiveCfg = Release|x86
		{55904739-71E8-478F-8BBD-9A32CAE9E01B}.Release|x86.Build.0 = Release|x86
		{DFEEF3A8-F9EB-43AE-AA73-A5FBF7402DAB}.Debug|Any CPU.ActiveCfg = Debug|Any CPU
		{DFEEF3A8-F9EB-43AE-AA73-A5FBF7402DAB}.Debug|Any CPU.Build.0 = Debug|Any CPU
		{DFEEF3A8-F9EB-43AE-AA73-A5FBF7402DAB}.Debug|x64.ActiveCfg = Debug|x64
		{DFEEF3A8-F9EB-43AE-AA73-A5FBF7402DAB}.Debug|x64.Build.0 = Debug|x64
		{DFEEF3A8-F9EB-43AE-AA73-A5FBF7402DAB}.Debug|x86.ActiveCfg = Debug|x86
		{DFEEF3A8-F9EB-43AE-AA73-A5FBF7402DAB}.Debug|x86.Build.0 = Debug|x86
		{DFEEF3A8-F9EB-43AE-AA73-A5FBF7402DAB}.Release|Any CPU.ActiveCfg = Release|Any CPU
		{DFEEF3A8-F9EB-43AE-AA73-A5FBF7402DAB}.Release|Any CPU.Build.0 = Release|Any CPU
		{DFEEF3A8-F9EB-43AE-AA73-A5FBF7402DAB}.Release|x64.ActiveCfg = Release|x64
		{DFEEF3A8-F9EB-43AE-AA73-A5FBF7402DAB}.Release|x64.Build.0 = Release|x64
		{DFEEF3A8-F9EB-43AE-AA73-A5FBF7402DAB}.Release|x86.ActiveCfg = Release|x86
		{DFEEF3A8-F9EB-43AE-AA73-A5FBF7402DAB}.Release|x86.Build.0 = Release|x86
		{76BA8256-C071-4353-B5A3-FA0E4BC444EF}.Debug|Any CPU.ActiveCfg = Debug|Any CPU
		{76BA8256-C071-4353-B5A3-FA0E4BC444EF}.Debug|Any CPU.Build.0 = Debug|Any CPU
		{76BA8256-C071-4353-B5A3-FA0E4BC444EF}.Debug|x64.ActiveCfg = Debug|x64
		{76BA8256-C071-4353-B5A3-FA0E4BC444EF}.Debug|x64.Build.0 = Debug|x64
		{76BA8256-C071-4353-B5A3-FA0E4BC444EF}.Debug|x86.ActiveCfg = Debug|x86
		{76BA8256-C071-4353-B5A3-FA0E4BC444EF}.Debug|x86.Build.0 = Debug|x86
		{76BA8256-C071-4353-B5A3-FA0E4BC444EF}.Release|Any CPU.ActiveCfg = Release|Any CPU
		{76BA8256-C071-4353-B5A3-FA0E4BC444EF}.Release|Any CPU.Build.0 = Release|Any CPU
		{76BA8256-C071-4353-B5A3-FA0E4BC444EF}.Release|x64.ActiveCfg = Release|x64
		{76BA8256-C071-4353-B5A3-FA0E4BC444EF}.Release|x64.Build.0 = Release|x64
		{76BA8256-C071-4353-B5A3-FA0E4BC444EF}.Release|x86.ActiveCfg = Release|x86
		{76BA8256-C071-4353-B5A3-FA0E4BC444EF}.Release|x86.Build.0 = Release|x86
	EndGlobalSection
	GlobalSection(SolutionProperties) = preSolution
		HideSolutionNode = FALSE
	EndGlobalSection
	GlobalSection(NestedProjects) = preSolution
		{C5B136C4-6EBD-4694-9664-0072DE878296} = {771514F1-12AE-4A26-89CB-2646D3EF7034}
		{C036F196-0AA6-4C3D-B340-93A922461B54} = {771514F1-12AE-4A26-89CB-2646D3EF7034}
		{92EB7B8A-7DCC-426A-9386-F58C167D82C3} = {59DCCC96-DDAF-469F-9E8E-9BC733285082}
		{55904739-71E8-478F-8BBD-9A32CAE9E01B} = {92EB7B8A-7DCC-426A-9386-F58C167D82C3}
		{DFEEF3A8-F9EB-43AE-AA73-A5FBF7402DAB} = {92EB7B8A-7DCC-426A-9386-F58C167D82C3}
		{76BA8256-C071-4353-B5A3-FA0E4BC444EF} = {9EA30F02-E35A-4EB2-80D9-1C64ED4613C4}
		{9EA30F02-E35A-4EB2-80D9-1C64ED4613C4} = {59DCCC96-DDAF-469F-9E8E-9BC733285082}
	EndGlobalSection
EndGlobal
