
Microsoft Visual Studio Solution File, Format Version 12.00
# Visual Studio 14
VisualStudioVersion = 14.0.25420.1
MinimumVisualStudioVersion = 10.0.40219.1
Project("{FAE04EC0-301F-11D3-BF4B-00C04F79EFBC}") = "GAM.Remoting", "src\GAM.Remoting\GAM.Remoting.csproj", "{C5B136C4-6EBD-4694-9664-0072DE878296}"
EndProject
Project("{2150E333-8FDC-42A3-9474-1A3956D46DE8}") = "src", "src", "{771514F1-12AE-4A26-89CB-2646D3EF7034}"
EndProject
Project("{2150E333-8FDC-42A3-9474-1A3956D46DE8}") = "examples", "examples", "{59DCCC96-DDAF-469F-9E8E-9BC733285082}"
EndProject
Project("{FAE04EC0-301F-11D3-BF4B-00C04F79EFBC}") = "Labb", "examples\Labb\Labb.csproj", "{ABADF472-0EDE-4EC0-8AC1-B8612EFF76FE}"
EndProject
Project("{FAE04EC0-301F-11D3-BF4B-00C04F79EFBC}") = "GAM", "src\GAM\GAM.csproj", "{C036F196-0AA6-4C3D-B340-93A922461B54}"
EndProject
Project("{FAE04EC0-301F-11D3-BF4B-00C04F79EFBC}") = "SpawnBenchmark", "examples\SpawnBenchmark\SpawnBenchmark.csproj", "{1E773156-B0DA-40C1-B910-40D22F3B5C0D}"
EndProject
Project("{FAE04EC0-301F-11D3-BF4B-00C04F79EFBC}") = "PingPongBenchmark", "examples\PingPongBenchmark\PingPongBenchmark.csproj", "{5FF8A2FF-C690-407F-8FF6-7B461B7A6DF2}"
EndProject
Project("{FAE04EC0-301F-11D3-BF4B-00C04F79EFBC}") = "Node2", "examples\remotebenchmark\Node2\Node2.csproj", "{6B7E2016-120A-48A3-BF73-5C15B40354D5}"
EndProject
Project("{2150E333-8FDC-42A3-9474-1A3956D46DE8}") = "RemoteBenchmark", "RemoteBenchmark", "{92EB7B8A-7DCC-426A-9386-F58C167D82C3}"
EndProject
Project("{FAE04EC0-301F-11D3-BF4B-00C04F79EFBC}") = "Node1", "examples\remotebenchmark\Node1\Node1.csproj", "{0A4E7EA2-BF6C-4DEE-A76B-E0AD50847AB0}"
EndProject
Project("{FAE04EC0-301F-11D3-BF4B-00C04F79EFBC}") = "Messages", "examples\remotebenchmark\Messages\Messages.csproj", "{E36B82BA-D7D2-42F7-A946-462573BAE266}"
EndProject
Global
	GlobalSection(SolutionConfigurationPlatforms) = preSolution
		Debug|Any CPU = Debug|Any CPU
		Release|Any CPU = Release|Any CPU
	EndGlobalSection
	GlobalSection(ProjectConfigurationPlatforms) = postSolution
		{C5B136C4-6EBD-4694-9664-0072DE878296}.Debug|Any CPU.ActiveCfg = Debug|Any CPU
		{C5B136C4-6EBD-4694-9664-0072DE878296}.Debug|Any CPU.Build.0 = Debug|Any CPU
		{C5B136C4-6EBD-4694-9664-0072DE878296}.Release|Any CPU.ActiveCfg = Release|Any CPU
		{C5B136C4-6EBD-4694-9664-0072DE878296}.Release|Any CPU.Build.0 = Release|Any CPU
		{ABADF472-0EDE-4EC0-8AC1-B8612EFF76FE}.Debug|Any CPU.ActiveCfg = Debug|Any CPU
		{ABADF472-0EDE-4EC0-8AC1-B8612EFF76FE}.Debug|Any CPU.Build.0 = Debug|Any CPU
		{ABADF472-0EDE-4EC0-8AC1-B8612EFF76FE}.Release|Any CPU.ActiveCfg = Release|Any CPU
		{ABADF472-0EDE-4EC0-8AC1-B8612EFF76FE}.Release|Any CPU.Build.0 = Release|Any CPU
		{C036F196-0AA6-4C3D-B340-93A922461B54}.Debug|Any CPU.ActiveCfg = Debug|Any CPU
		{C036F196-0AA6-4C3D-B340-93A922461B54}.Debug|Any CPU.Build.0 = Debug|Any CPU
		{C036F196-0AA6-4C3D-B340-93A922461B54}.Release|Any CPU.ActiveCfg = Release|Any CPU
		{C036F196-0AA6-4C3D-B340-93A922461B54}.Release|Any CPU.Build.0 = Release|Any CPU
		{1E773156-B0DA-40C1-B910-40D22F3B5C0D}.Debug|Any CPU.ActiveCfg = Debug|Any CPU
		{1E773156-B0DA-40C1-B910-40D22F3B5C0D}.Debug|Any CPU.Build.0 = Debug|Any CPU
		{1E773156-B0DA-40C1-B910-40D22F3B5C0D}.Release|Any CPU.ActiveCfg = Release|Any CPU
		{1E773156-B0DA-40C1-B910-40D22F3B5C0D}.Release|Any CPU.Build.0 = Release|Any CPU
		{5FF8A2FF-C690-407F-8FF6-7B461B7A6DF2}.Debug|Any CPU.ActiveCfg = Debug|Any CPU
		{5FF8A2FF-C690-407F-8FF6-7B461B7A6DF2}.Debug|Any CPU.Build.0 = Debug|Any CPU
		{5FF8A2FF-C690-407F-8FF6-7B461B7A6DF2}.Release|Any CPU.ActiveCfg = Release|Any CPU
		{5FF8A2FF-C690-407F-8FF6-7B461B7A6DF2}.Release|Any CPU.Build.0 = Release|Any CPU
		{6B7E2016-120A-48A3-BF73-5C15B40354D5}.Debug|Any CPU.ActiveCfg = Debug|Any CPU
		{6B7E2016-120A-48A3-BF73-5C15B40354D5}.Debug|Any CPU.Build.0 = Debug|Any CPU
		{6B7E2016-120A-48A3-BF73-5C15B40354D5}.Release|Any CPU.ActiveCfg = Release|Any CPU
		{6B7E2016-120A-48A3-BF73-5C15B40354D5}.Release|Any CPU.Build.0 = Release|Any CPU
		{0A4E7EA2-BF6C-4DEE-A76B-E0AD50847AB0}.Debug|Any CPU.ActiveCfg = Debug|Any CPU
		{0A4E7EA2-BF6C-4DEE-A76B-E0AD50847AB0}.Debug|Any CPU.Build.0 = Debug|Any CPU
		{0A4E7EA2-BF6C-4DEE-A76B-E0AD50847AB0}.Release|Any CPU.ActiveCfg = Release|Any CPU
		{0A4E7EA2-BF6C-4DEE-A76B-E0AD50847AB0}.Release|Any CPU.Build.0 = Release|Any CPU
		{E36B82BA-D7D2-42F7-A946-462573BAE266}.Debug|Any CPU.ActiveCfg = Debug|Any CPU
		{E36B82BA-D7D2-42F7-A946-462573BAE266}.Debug|Any CPU.Build.0 = Debug|Any CPU
		{E36B82BA-D7D2-42F7-A946-462573BAE266}.Release|Any CPU.ActiveCfg = Release|Any CPU
		{E36B82BA-D7D2-42F7-A946-462573BAE266}.Release|Any CPU.Build.0 = Release|Any CPU
	EndGlobalSection
	GlobalSection(SolutionProperties) = preSolution
		HideSolutionNode = FALSE
	EndGlobalSection
	GlobalSection(NestedProjects) = preSolution
		{C5B136C4-6EBD-4694-9664-0072DE878296} = {771514F1-12AE-4A26-89CB-2646D3EF7034}
		{ABADF472-0EDE-4EC0-8AC1-B8612EFF76FE} = {59DCCC96-DDAF-469F-9E8E-9BC733285082}
		{C036F196-0AA6-4C3D-B340-93A922461B54} = {771514F1-12AE-4A26-89CB-2646D3EF7034}
		{1E773156-B0DA-40C1-B910-40D22F3B5C0D} = {59DCCC96-DDAF-469F-9E8E-9BC733285082}
		{5FF8A2FF-C690-407F-8FF6-7B461B7A6DF2} = {59DCCC96-DDAF-469F-9E8E-9BC733285082}
		{6B7E2016-120A-48A3-BF73-5C15B40354D5} = {92EB7B8A-7DCC-426A-9386-F58C167D82C3}
		{92EB7B8A-7DCC-426A-9386-F58C167D82C3} = {59DCCC96-DDAF-469F-9E8E-9BC733285082}
		{0A4E7EA2-BF6C-4DEE-A76B-E0AD50847AB0} = {92EB7B8A-7DCC-426A-9386-F58C167D82C3}
		{E36B82BA-D7D2-42F7-A946-462573BAE266} = {92EB7B8A-7DCC-426A-9386-F58C167D82C3}
	EndGlobalSection
EndGlobal
